
Microsoft Visual Studio Solution File, Format Version 12.00
# Visual Studio Version 17
VisualStudioVersion = 17.5.33627.172
MinimumVisualStudioVersion = 10.0.40219.1
Project("{FAE04EC0-301F-11D3-BF4B-00C04F79EFBC}") = "PREFINALS_AUTH_DOMINGO_JHANA", "PREFINALS_AUTH_DOMINGO_JHANA\PREFINALS_AUTH_DOMINGO_JHANA.csproj", "{CFFD095A-4B8F-4C37-BAE8-C31F130FE66A}"
EndProject
Global
	GlobalSection(SolutionConfigurationPlatforms) = preSolution
		Debug|Any CPU = Debug|Any CPU
		Release|Any CPU = Release|Any CPU
	EndGlobalSection
	GlobalSection(ProjectConfigurationPlatforms) = postSolution
		{CFFD095A-4B8F-4C37-BAE8-C31F130FE66A}.Debug|Any CPU.ActiveCfg = Debug|Any CPU
		{CFFD095A-4B8F-4C37-BAE8-C31F130FE66A}.Debug|Any CPU.Build.0 = Debug|Any CPU
		{CFFD095A-4B8F-4C37-BAE8-C31F130FE66A}.Release|Any CPU.ActiveCfg = Release|Any CPU
		{CFFD095A-4B8F-4C37-BAE8-C31F130FE66A}.Release|Any CPU.Build.0 = Release|Any CPU
	EndGlobalSection
	GlobalSection(SolutionProperties) = preSolution
		HideSolutionNode = FALSE
	EndGlobalSection
	GlobalSection(ExtensibilityGlobals) = postSolution
		SolutionGuid = {9EFEE9B3-BC0A-4D89-A9A3-C371DCB71194}
	EndGlobalSection
EndGlobal
